
Microsoft Visual Studio Solution File, Format Version 12.00
# Visual Studio Version 17
VisualStudioVersion = 17.0.31903.59
MinimumVisualStudioVersion = 10.0.40219.1
Project("{9A19103F-16F7-4668-BE54-9A1E7A4F7556}") = "LauncherApiServer", "LauncherApiServer\LauncherApiServer.csproj", "{79AC1F82-1FD9-4ED5-A2FD-1623C9FF726A}"
EndProject
Global
	GlobalSection(SolutionConfigurationPlatforms) = preSolution
		Debug|Any CPU = Debug|Any CPU
		Debug|Mixed Platforms = Debug|Mixed Platforms
		Debug|x64 = Debug|x64
		Release|Any CPU = Release|Any CPU
		Release|Mixed Platforms = Release|Mixed Platforms
		Release|x64 = Release|x64
	EndGlobalSection
	GlobalSection(ProjectConfigurationPlatforms) = postSolution
		{79AC1F82-1FD9-4ED5-A2FD-1623C9FF726A}.Debug|Any CPU.ActiveCfg = Debug|x64
		{79AC1F82-1FD9-4ED5-A2FD-1623C9FF726A}.Debug|Any CPU.Build.0 = Debug|x64
		{79AC1F82-1FD9-4ED5-A2FD-1623C9FF726A}.Debug|Mixed Platforms.ActiveCfg = Debug|x64
		{79AC1F82-1FD9-4ED5-A2FD-1623C9FF726A}.Debug|Mixed Platforms.Build.0 = Debug|x64
		{79AC1F82-1FD9-4ED5-A2FD-1623C9FF726A}.Debug|x64.ActiveCfg = Debug|x64
		{79AC1F82-1FD9-4ED5-A2FD-1623C9FF726A}.Debug|x64.Build.0 = Debug|x64
		{79AC1F82-1FD9-4ED5-A2FD-1623C9FF726A}.Release|Any CPU.ActiveCfg = Release|x64
		{79AC1F82-1FD9-4ED5-A2FD-1623C9FF726A}.Release|Any CPU.Build.0 = Release|x64
		{79AC1F82-1FD9-4ED5-A2FD-1623C9FF726A}.Release|Mixed Platforms.ActiveCfg = Release|x64
		{79AC1F82-1FD9-4ED5-A2FD-1623C9FF726A}.Release|Mixed Platforms.Build.0 = Release|x64
		{79AC1F82-1FD9-4ED5-A2FD-1623C9FF726A}.Release|x64.ActiveCfg = Release|x64
		{79AC1F82-1FD9-4ED5-A2FD-1623C9FF726A}.Release|x64.Build.0 = Release|x64
	EndGlobalSection
	GlobalSection(SolutionProperties) = preSolution
		HideSolutionNode = FALSE
	EndGlobalSection
	GlobalSection(ExtensibilityGlobals) = postSolution
		SolutionGuid = {FF2D66A8-1183-47E2-9F30-0AA339DFCE82}
	EndGlobalSection
EndGlobal
