
Microsoft Visual Studio Solution File, Format Version 12.00
# Visual Studio Version 17
VisualStudioVersion = 17.0.31903.59
MinimumVisualStudioVersion = 10.0.40219.1
Project("{FAE04EC0-301F-11D3-BF4B-00C04F79EFBC}") = "LoggerManaged", "LoggerManaged\LoggerManaged.csproj", "{FC006A94-A77B-4071-B7AB-122EF429ACBF}"
EndProject
Global
	GlobalSection(SolutionConfigurationPlatforms) = preSolution
		Debug|Any CPU = Debug|Any CPU
		Debug|Mixed Platforms = Debug|Mixed Platforms
		Debug|x64 = Debug|x64
		Release|Any CPU = Release|Any CPU
		Release|Mixed Platforms = Release|Mixed Platforms
		Release|x64 = Release|x64
	EndGlobalSection
	GlobalSection(ProjectConfigurationPlatforms) = postSolution
		{FC006A94-A77B-4071-B7AB-122EF429ACBF}.Debug|Any CPU.ActiveCfg = Debug|x64
		{FC006A94-A77B-4071-B7AB-122EF429ACBF}.Debug|Any CPU.Build.0 = Debug|x64
		{FC006A94-A77B-4071-B7AB-122EF429ACBF}.Debug|Mixed Platforms.ActiveCfg = Debug|x64
		{FC006A94-A77B-4071-B7AB-122EF429ACBF}.Debug|Mixed Platforms.Build.0 = Debug|x64
		{FC006A94-A77B-4071-B7AB-122EF429ACBF}.Debug|x64.ActiveCfg = Debug|x64
		{FC006A94-A77B-4071-B7AB-122EF429ACBF}.Debug|x64.Build.0 = Debug|x64
		{FC006A94-A77B-4071-B7AB-122EF429ACBF}.Release|Any CPU.ActiveCfg = Release|x64
		{FC006A94-A77B-4071-B7AB-122EF429ACBF}.Release|Any CPU.Build.0 = Release|x64
		{FC006A94-A77B-4071-B7AB-122EF429ACBF}.Release|Mixed Platforms.ActiveCfg = Release|x64
		{FC006A94-A77B-4071-B7AB-122EF429ACBF}.Release|Mixed Platforms.Build.0 = Release|x64
		{FC006A94-A77B-4071-B7AB-122EF429ACBF}.Release|x64.ActiveCfg = Release|x64
		{FC006A94-A77B-4071-B7AB-122EF429ACBF}.Release|x64.Build.0 = Release|x64
	EndGlobalSection
	GlobalSection(SolutionProperties) = preSolution
		HideSolutionNode = FALSE
	EndGlobalSection
EndGlobal
